
Microsoft Visual Studio Solution File, Format Version 12.00
Project("{FAE04EC0-301F-11D3-BF4B-00C04F79EFBC}") = "LibraryApplication", "LibraryApplication.csproj", "{ED41A36E-2064-4737-8591-F91C50FFEDE5}"
EndProject
Project("{FAE04EC0-301F-11D3-BF4B-00C04F79EFBC}") = "LibraryData", "LibraryData\LibraryData.csproj", "{C16B808A-B2D7-4059-BB3C-1973736CDF1D}"
EndProject
Global
	GlobalSection(SolutionConfigurationPlatforms) = preSolution
		Debug|Any CPU = Debug|Any CPU
		Release|Any CPU = Release|Any CPU
	EndGlobalSection
	GlobalSection(ProjectConfigurationPlatforms) = postSolution
		{ED41A36E-2064-4737-8591-F91C50FFEDE5}.Debug|Any CPU.ActiveCfg = Debug|Any CPU
		{ED41A36E-2064-4737-8591-F91C50FFEDE5}.Debug|Any CPU.Build.0 = Debug|Any CPU
		{ED41A36E-2064-4737-8591-F91C50FFEDE5}.Release|Any CPU.ActiveCfg = Release|Any CPU
		{ED41A36E-2064-4737-8591-F91C50FFEDE5}.Release|Any CPU.Build.0 = Release|Any CPU
		{C16B808A-B2D7-4059-BB3C-1973736CDF1D}.Debug|Any CPU.ActiveCfg = Debug|Any CPU
		{C16B808A-B2D7-4059-BB3C-1973736CDF1D}.Debug|Any CPU.Build.0 = Debug|Any CPU
		{C16B808A-B2D7-4059-BB3C-1973736CDF1D}.Release|Any CPU.ActiveCfg = Release|Any CPU
		{C16B808A-B2D7-4059-BB3C-1973736CDF1D}.Release|Any CPU.Build.0 = Release|Any CPU
	EndGlobalSection
EndGlobal
